PODS:
  - FFmpegKit (6.1.0):
    - FFmpegKit/FFmpegKit (= 6.1.0)
  - FFmpegKit/FFmpegKit (6.1.0):
    - Libass
  - Libass (0.17.1):
    - Libass/Libass (= 0.17.1)
  - Libass/Libass (0.17.1)
  - Libmpv (0.37.0):
    - Libmpv/Libmpv (= 0.37.0)
  - Libmpv/Libmpv (0.37.0):
    - FFmpegKit

DEPENDENCIES:
  - FFmpegKit (from `../`)
  - Libass (from `../`)
  - Libmpv (from `../`)

EXTERNAL SOURCES:
  FFmpegKit:
    :path: "../"
  Libass:
    :path: "../"
  Libmpv:
    :path: "../"

SPEC CHECKSUMS:
  FFmpegKit: 7023509adfee83653c766b1e6fa257c2961912cc
  Libass: f8b1f44219d2a2f036f5a7a2362cfc2820c4b9e9
  Libmpv: 943bd6f858bfcec32280daae46d596f973c1ec7f

PODFILE CHECKSUM: 500a9e05eb54cef153061d10813aa9436b264f0b

COCOAPODS: 1.16.2
